version = 1
revision = 2
requires-python = ">=3.13.5"

[[package]]
name = "minlp"
version = "0.1.0"
source = { virtual = "." }
dependencies = [
    { name = "pyomo" },
]

[package.metadata]
requires-dist = [{ name = "pyomo", specifier = ">=6.9.4" }]

[[package]]
name = "ply"
version = "3.11"
source = { registry = "https://pypi.org/simple" }
sdist = { url = "https://files.pythonhosted.org/packages/e5/69/882ee5c9d017149285cab114ebeab373308ef0f874fcdac9beb90e0ac4da/ply-3.11.tar.gz", hash = "sha256:00c7c1aaa88358b9c765b6d3000c6eec0ba42abca5351b095321aef446081da3", size = 159130, upload-time = "2018-02-15T19:01:31.097Z" }
wheels = [
    { url = "https://files.pythonhosted.org/packages/a3/58/35da89ee790598a0700ea49b2a66594140f44dec458c07e8e3d4979137fc/ply-3.11-py2.py3-none-any.whl", hash = "sha256:096f9b8350b65ebd2fd1346b12452efe5b9607f7482813ffca50c22722a807ce", size = 49567, upload-time = "2018-02-15T19:01:27.172Z" },
]

[[package]]
name = "pyomo"
version = "6.9.4"
source = { registry = "https://pypi.org/simple" }
dependencies = [
    { name = "ply" },
]
sdist = { url = "https://files.pythonhosted.org/packages/91/d4/bbb4ab79bb3015e3bdd488435ef71f7806144cc6ae4146ee6c5f64ac53f2/pyomo-6.9.4.tar.gz", hash = "sha256:34ad22cd6bf9956de9c0d3842d01c1f92dee0515b25aa3e8f113b326549b1231", size = 3033231, upload-time = "2025-08-28T02:11:24.976Z" }
wheels = [
    { url = "https://files.pythonhosted.org/packages/65/04/dc4d3d9369c4cb1b6e68ce18bbba066ea83284942322836e791dbf693bb2/pyomo-6.9.4-cp313-cp313-macosx_10_13_x86_64.whl", hash = "sha256:e1a768a178ae3f0391c66e2334da3d1618c9c85c9d879bc86de441efd143f491", size = 4267029, upload-time = "2025-08-28T02:10:02.066Z" },
    { url = "https://files.pythonhosted.org/packages/6b/52/824e9cea51ed0a25636b66e8c122dce5fcd22a197bf4646dd6c5f138fe36/pyomo-6.9.4-cp313-cp313-macosx_11_0_arm64.whl", hash = "sha256:09cde10e5fe8414f453d1ed3bccef1b42fc048fc2da0a9c936e40b2f877201bf", size = 4255606, upload-time = "2025-08-28T02:10:06.383Z" },
    { url = "https://files.pythonhosted.org/packages/a2/dc/97005d683ca57e231a8f613921adaf480d3a82f40d280c6d0185855a92c6/pyomo-6.9.4-cp313-cp313-manylinux_2_24_aarch64.manylinux_2_28_aarch64.whl", hash = "sha256:df3e173d330666f881258deefa79f37373b941d4a5b00edc6aa5b10680720dc1", size = 4312670, upload-time = "2025-08-28T02:10:11.563Z" },
    { url = "https://files.pythonhosted.org/packages/64/73/47525078660eced084abb9a79e1e4c74098c992316c93ab6ead2dc7f8bda/pyomo-6.9.4-cp313-cp313-manylinux_2_24_x86_64.manylinux_2_28_x86_64.whl", hash = "sha256:8a13baebcdb05deadeb0ec4b04ecedffa65f1e86179418fa67e603a4f8f1bf17", size = 4344540, upload-time = "2025-08-28T02:10:15.731Z" },
    { url = "https://files.pythonhosted.org/packages/d8/e3/56c20c3358e58206e7270a42ff666a267a6c01492213c8c47aad8676b487/pyomo-6.9.4-py3-none-any.whl", hash = "sha256:a274d74616c0b793279931f3b2175a31f9c63213f2d7b86c14d168c6c264f782", size = 3892640, upload-time = "2025-08-28T02:11:13.845Z" },
]
